
Microsoft Visual Studio Solution File, Format Version 12.00
# Visual Studio Version 16
VisualStudioVersion = 16.0.30523.141
MinimumVisualStudioVersion = 10.0.40219.1
Project("{FAE04EC0-301F-11D3-BF4B-00C04F79EFBC}") = "TallerActividad1", "TallerActividad1.csproj", "{9423CB78-7903-49C3-872A-10BF14DD8E72}"
EndProject
Global
	GlobalSection(SolutionConfigurationPlatforms) = preSolution
		Debug|Any CPU = Debug|Any CPU
		Release|Any CPU = Release|Any CPU
	EndGlobalSection
	GlobalSection(ProjectConfigurationPlatforms) = postSolution
		{9423CB78-7903-49C3-872A-10BF14DD8E72}.Debug|Any CPU.ActiveCfg = Debug|Any CPU
		{9423CB78-7903-49C3-872A-10BF14DD8E72}.Debug|Any CPU.Build.0 = Debug|Any CPU
		{9423CB78-7903-49C3-872A-10BF14DD8E72}.Release|Any CPU.ActiveCfg = Release|Any CPU
		{9423CB78-7903-49C3-872A-10BF14DD8E72}.Release|Any CPU.Build.0 = Release|Any CPU
	EndGlobalSection
	GlobalSection(SolutionProperties) = preSolution
		HideSolutionNode = FALSE
	EndGlobalSection
	GlobalSection(ExtensibilityGlobals) = postSolution
		SolutionGuid = {90210045-CDD3-4752-A5E7-B049281F99F2}
	EndGlobalSection
EndGlobal
